
Microsoft Visual Studio Solution File, Format Version 12.00
# Visual Studio 15
VisualStudioVersion = 15.0.27703.2026
MinimumVisualStudioVersion = 10.0.40219.1
Project("{9A19103F-16F7-4668-BE54-9A1E7A4F7556}") = "SecretSerializer", "SecretSerializer\SecretSerializer.csproj", "{CEC230CD-5804-4CB8-8C28-E398E2DF693C}"
EndProject
Project("{9A19103F-16F7-4668-BE54-9A1E7A4F7556}") = "SecretSerializer.Tests", "SecretSerializer.Tests\SecretSerializer.Tests.csproj", "{197FA033-0666-4BCD-B885-C802A9464B75}"
EndProject
Global
	GlobalSection(SolutionConfigurationPlatforms) = preSolution
		Debug|Any CPU = Debug|Any CPU
		Release|Any CPU = Release|Any CPU
	EndGlobalSection
	GlobalSection(ProjectConfigurationPlatforms) = postSolution
		{CEC230CD-5804-4CB8-8C28-E398E2DF693C}.Debug|Any CPU.ActiveCfg = Debug|Any CPU
		{CEC230CD-5804-4CB8-8C28-E398E2DF693C}.Debug|Any CPU.Build.0 = Debug|Any CPU
		{CEC230CD-5804-4CB8-8C28-E398E2DF693C}.Release|Any CPU.ActiveCfg = Release|Any CPU
		{CEC230CD-5804-4CB8-8C28-E398E2DF693C}.Release|Any CPU.Build.0 = Release|Any CPU
		{197FA033-0666-4BCD-B885-C802A9464B75}.Debug|Any CPU.ActiveCfg = Debug|Any CPU
		{197FA033-0666-4BCD-B885-C802A9464B75}.Debug|Any CPU.Build.0 = Debug|Any CPU
		{197FA033-0666-4BCD-B885-C802A9464B75}.Release|Any CPU.ActiveCfg = Release|Any CPU
		{197FA033-0666-4BCD-B885-C802A9464B75}.Release|Any CPU.Build.0 = Release|Any CPU
	EndGlobalSection
	GlobalSection(SolutionProperties) = preSolution
		HideSolutionNode = FALSE
	EndGlobalSection
	GlobalSection(ExtensibilityGlobals) = postSolution
		SolutionGuid = {AE04C408-3AAB-4A6A-8C66-E9479BE042F7}
	EndGlobalSection
EndGlobal
